
Microsoft Visual Studio Solution File, Format Version 12.00
# Visual Studio Version 17
VisualStudioVersion = 17.1.32407.343
MinimumVisualStudioVersion = 10.0.40219.1
Project("{8BC9CEB8-8B4A-11D0-8D11-00A0C91BC942}") = "Deteccao_de_placas", "Deteccao_de_placas.vcxproj", "{81957982-E6A8-4E71-BE0B-6D714FB62FD7}"
EndProject
Global
	GlobalSection(SolutionConfigurationPlatforms) = preSolution
		Debug|x64 = Debug|x64
		Debug|x86 = Debug|x86
		Release|x64 = Release|x64
		Release|x86 = Release|x86
	EndGlobalSection
	GlobalSection(ProjectConfigurationPlatforms) = postSolution
		{81957982-E6A8-4E71-BE0B-6D714FB62FD7}.Debug|x64.ActiveCfg = Debug|x64
		{81957982-E6A8-4E71-BE0B-6D714FB62FD7}.Debug|x64.Build.0 = Debug|x64
		{81957982-E6A8-4E71-BE0B-6D714FB62FD7}.Debug|x86.ActiveCfg = Debug|Win32
		{81957982-E6A8-4E71-BE0B-6D714FB62FD7}.Debug|x86.Build.0 = Debug|Win32
		{81957982-E6A8-4E71-BE0B-6D714FB62FD7}.Release|x64.ActiveCfg = Release|x64
		{81957982-E6A8-4E71-BE0B-6D714FB62FD7}.Release|x64.Build.0 = Release|x64
		{81957982-E6A8-4E71-BE0B-6D714FB62FD7}.Release|x86.ActiveCfg = Release|Win32
		{81957982-E6A8-4E71-BE0B-6D714FB62FD7}.Release|x86.Build.0 = Release|Win32
	EndGlobalSection
	GlobalSection(SolutionProperties) = preSolution
		HideSolutionNode = FALSE
	EndGlobalSection
	GlobalSection(ExtensibilityGlobals) = postSolution
		SolutionGuid = {6E9DB033-DD4A-4D59-8C9D-C98A23F70EAD}
	EndGlobalSection
EndGlobal
